{
  "version": 4,
  "terraform_version": "1.1.7",
  "serial": 17,
  "lineage": "0522d31b-96d3-6612-d4d8-0fc2bcbeb732",
  "outputs": {
    "ubuntu_ip": {
      "value": "52.221.199.90",
      "type": "string"
    }
  },
  "resources": [
    {
      "mode": "managed",
      "type": "aws_instance",
      "name": "example",
      "provider": "provider[\"registry.terraform.io/hashicorp/aws\"]",
      "instances": [
        {
          "schema_version": 1,
          "attributes": {
            "ami": "ami-e6d3a585",
            "arn": "arn:aws:ec2:ap-southeast-1:473359703960:instance/i-0f9fd84373ef8a993",
            "associate_public_ip_address": true,
            "availability_zone": "ap-southeast-1a",
            "capacity_reservation_specification": [
              {
                "capacity_reservation_preference": "open",
                "capacity_reservation_target": []
              }
            ],
            "cpu_core_count": 1,
            "cpu_threads_per_core": 1,
            "credit_specification": [
              {
                "cpu_credits": "standard"
              }
            ],
            "disable_api_termination": false,
            "ebs_block_device": [],
            "ebs_optimized": false,
            "enclave_options": [
              {
                "enabled": false
              }
            ],
            "ephemeral_block_device": [],
            "get_password_data": false,
            "hibernation": false,
            "host_id": null,
            "iam_instance_profile": "",
            "id": "i-0f9fd84373ef8a993",
            "instance_initiated_shutdown_behavior": "stop",
            "instance_state": "running",
            "instance_type": "t2.micro",
            "ipv6_address_count": 0,
            "ipv6_addresses": [],
            "key_name": "mykey",
            "launch_template": [],
            "metadata_options": [
              {
                "http_endpoint": "enabled",
                "http_put_response_hop_limit": 1,
                "http_tokens": "optional",
                "instance_metadata_tags": "disabled"
              }
            ],
            "monitoring": false,
            "network_interface": [],
            "outpost_arn": "",
            "password_data": "",
            "placement_group": "",
            "placement_partition_number": null,
            "primary_network_interface_id": "eni-0b4f7b703b65d78b2",
            "private_dns": "ip-172-31-21-131.ap-southeast-1.compute.internal",
            "private_ip": "172.31.21.131",
            "public_dns": "ec2-52-221-199-90.ap-southeast-1.compute.amazonaws.com",
            "public_ip": "52.221.199.90",
            "root_block_device": [
              {
                "delete_on_termination": true,
                "device_name": "/dev/sda1",
                "encrypted": false,
                "iops": 100,
                "kms_key_id": "",
                "tags": {},
                "throughput": 0,
                "volume_id": "vol-0b13dc377b5f886c8",
                "volume_size": 8,
                "volume_type": "gp2"
              }
            ],
            "secondary_private_ips": [],
            "security_groups": [
              "default"
            ],
            "source_dest_check": true,
            "subnet_id": "subnet-037e5d1cd2af3247a",
            "tags": {},
            "tags_all": {},
            "tenancy": "default",
            "timeouts": null,
            "user_data": null,
            "user_data_base64": null,
            "volume_tags": null,
            "vpc_security_group_ids": [
              "sg-0e615173c1e8ab86c"
            ]
          },
          "sensitive_attributes": [],
          "private": "eyJlMmJmYjczMC1lY2FhLTExZTYtOGY4OC0zNDM2M2JjN2M0YzAiOnsiY3JlYXRlIjo2MDAwMDAwMDAwMDAsImRlbGV0ZSI6MTIwMDAwMDAwMDAwMCwidXBkYXRlIjo2MDAwMDAwMDAwMDB9LCJzY2hlbWFfdmVyc2lvbiI6IjEifQ==",
          "dependencies": [
            "aws_key_pair.mykey"
          ]
        }
      ]
    },
    {
      "mode": "managed",
      "type": "aws_key_pair",
      "name": "mykey",
      "provider": "provider[\"registry.terraform.io/hashicorp/aws\"]",
      "instances": [
        {
          "schema_version": 1,
          "attributes": {
            "arn": "arn:aws:ec2:ap-southeast-1:473359703960:key-pair/mykey",
            "fingerprint": "88:52:1b:58:e9:f8:bc:eb:e5:ca:ef:1c:61:c8:e2:c1",
            "id": "mykey",
            "key_name": "mykey",
            "key_name_prefix": "",
            "key_pair_id": "key-09718725fd6bd9139",
            "public_key": "ssh-rsa AAAAB3NzaC1yc2EAAAADAQABAAABgQCyC7tvKj6d5/Q+ErjRjcEsRMUbFFHCVNeEiFo9u7Q7guN9+WlxCSxLC94Ddvt3DRZwTAjfaoTAUNut3vBvtK/LvLa1QTEvt9LrpENGfCLjIMLVzUvT1YtlQC/A+9wOiPIQ2vclwRS/eyNM+fpw/lgLeAjTANeCKrFBfNUqqiaEENILvglzPsYV1iqOXSZQd8N3ZsQ0UJFIzrJ1l/kttFd1C4eFHV36KfLdWWU2OePUeNgMxEL0ia2tmH49ei8ncu8UL1HDqOfHlh76iwooRmPKo0gBtTJZnDHF7kb6vK1Cc2aKvmT+XDhm48KoCHTvbWyuJpjid+POKa5/p8AKItkszKycFyfl6Y9iaQQvLW62ifCKpHxrO/VI0tqJ+gSBwZWaTwuWPvHgadbfEtAAN8Q5v6hryL2CcFxybKahLQKI/H8jdAHQ0e66LwHD7m+UcyxKWPnhdKgJB8Slem7rbs5nfhZJRPNP5dXQJQ06cgO7s93CnsWCeFfvNHtEgNH/hps= jgyy@Jeffreys-MacBook-Pro.local",
            "tags": {},
            "tags_all": {}
          },
          "sensitive_attributes": [],
          "private": "eyJzY2hlbWFfdmVyc2lvbiI6IjEifQ=="
        }
      ]
    }
  ]
}
