{
  "version": 4,
  "terraform_version": "1.1.7",
  "serial": 12,
  "lineage": "82fa69a7-3960-7519-294a-4e5ccbf28e87",
  "outputs": {
    "all-my-parameters": {
      "value": {},
      "type": [
        "object",
        {}
      ]
    }
  },
  "resources": [
    {
      "module": "module.parameters",
      "mode": "managed",
      "type": "aws_ssm_parameter",
      "name": "parameter",
      "provider": "provider[\"registry.terraform.io/hashicorp/aws\"]",
      "instances": [
        {
          "index_key": "/myapp/environment",
          "schema_version": 0,
          "attributes": {
            "allowed_pattern": "",
            "arn": "arn:aws:ssm:ap-southeast-1:473359703960:parameter/myapp/environment",
            "data_type": "text",
            "description": "",
            "id": "/myapp/environment",
            "key_id": "",
            "name": "/myapp/environment",
            "overwrite": null,
            "tags": null,
            "tags_all": {},
            "tier": "Standard",
            "type": "String",
            "value": "prod",
            "version": 1
          },
          "sensitive_attributes": [],
          "private": "bnVsbA=="
        },
        {
          "index_key": "/myprefix/environment",
          "schema_version": 0,
          "attributes": {
            "allowed_pattern": "",
            "arn": "arn:aws:ssm:ap-southeast-1:473359703960:parameter/myprefix/environment",
            "data_type": "text",
            "description": "",
            "id": "/myprefix/environment",
            "key_id": "",
            "name": "/myprefix/environment",
            "overwrite": null,
            "tags": null,
            "tags_all": {},
            "tier": "Standard",
            "type": "String",
            "value": "dev",
            "version": 1
          },
          "sensitive_attributes": [],
          "private": "bnVsbA=="
        },
        {
          "index_key": "/myprefix/myparameter",
          "schema_version": 0,
          "attributes": {
            "allowed_pattern": "",
            "arn": "arn:aws:ssm:ap-southeast-1:473359703960:parameter/myprefix/myparameter",
            "data_type": "text",
            "description": "",
            "id": "/myprefix/myparameter",
            "key_id": "",
            "name": "/myprefix/myparameter",
            "overwrite": null,
            "tags": null,
            "tags_all": {},
            "tier": "Standard",
            "type": "String",
            "value": "myvalue",
            "version": 1
          },
          "sensitive_attributes": [],
          "private": "bnVsbA=="
        }
      ]
    }
  ]
}
